
Microsoft Visual Studio Solution File, Format Version 12.00
Project("{FAE04EC0-301F-11D3-BF4B-00C04F79EFBC}") = "Storage.Service.ImageResource", "Storage.Service.ImageResource\Storage.Service.ImageResource.csproj", "{C224FCC6-4CE7-4957-919E-3F8DD07630BF}"
EndProject
Project("{FAE04EC0-301F-11D3-BF4B-00C04F79EFBC}") = "Storage.Service.ApplicationCore", "Storage.Service.ApplicationCore\Storage.Service.ApplicationCore.csproj", "{81F09909-DDEE-4F98-9296-76C33BAD1047}"
EndProject
Project("{FAE04EC0-301F-11D3-BF4B-00C04F79EFBC}") = "docker-compose", "docker-compose.dcproj", "{0B2AC98A-D845-4DC3-84A9-1064B43EA7F2}"
EndProject
Global
	GlobalSection(SolutionConfigurationPlatforms) = preSolution
		Debug|Any CPU = Debug|Any CPU
		Release|Any CPU = Release|Any CPU
	EndGlobalSection
	GlobalSection(ProjectConfigurationPlatforms) = postSolution
		{C224FCC6-4CE7-4957-919E-3F8DD07630BF}.Debug|Any CPU.ActiveCfg = Debug|Any CPU
		{C224FCC6-4CE7-4957-919E-3F8DD07630BF}.Debug|Any CPU.Build.0 = Debug|Any CPU
		{C224FCC6-4CE7-4957-919E-3F8DD07630BF}.Release|Any CPU.ActiveCfg = Release|Any CPU
		{C224FCC6-4CE7-4957-919E-3F8DD07630BF}.Release|Any CPU.Build.0 = Release|Any CPU
		{81F09909-DDEE-4F98-9296-76C33BAD1047}.Debug|Any CPU.ActiveCfg = Debug|Any CPU
		{81F09909-DDEE-4F98-9296-76C33BAD1047}.Debug|Any CPU.Build.0 = Debug|Any CPU
		{81F09909-DDEE-4F98-9296-76C33BAD1047}.Release|Any CPU.ActiveCfg = Release|Any CPU
		{81F09909-DDEE-4F98-9296-76C33BAD1047}.Release|Any CPU.Build.0 = Release|Any CPU
		{0B2AC98A-D845-4DC3-84A9-1064B43EA7F2}.Debug|Any CPU.ActiveCfg = Debug|Any CPU
		{0B2AC98A-D845-4DC3-84A9-1064B43EA7F2}.Debug|Any CPU.Build.0 = Debug|Any CPU
		{0B2AC98A-D845-4DC3-84A9-1064B43EA7F2}.Release|Any CPU.ActiveCfg = Debug|Any CPU
		{0B2AC98A-D845-4DC3-84A9-1064B43EA7F2}.Release|Any CPU.Build.0 = Debug|Any CPU
	EndGlobalSection
EndGlobal
